// !$*UTF8*$!
{
	archiveVersion = 1;
	classes = {
	};
	objectVersion = 55;
	objects = {

/* Begin PBXBuildFile section */
		453B4EAC2B3006E100A87CA5 /* ViewExtensions.swift in Sources */ = {isa = PBXBuildFile; fileRef = 453B4EAB2B3006E100A87CA5 /* ViewExtensions.swift */; };
		453B4EAE2B30CBDC00A87CA5 /* StartGameView.swift in Sources */ = {isa = PBXBuildFile; fileRef = 453B4EAD2B30CBDC00A87CA5 /* StartGameView.swift */; };
		453B4EB02B30CF4900A87CA5 /* ViewModel.swift in Sources */ = {isa = PBXBuildFile; fileRef = 453B4EAF2B30CF4900A87CA5 /* ViewModel.swift */; };
		453B4EB22B30D02F00A87CA5 /* HomeView.swift in Sources */ = {isa = PBXBuildFile; fileRef = 453B4EB12B30D02F00A87CA5 /* HomeView.swift */; };
		453B4EB42B30D9F900A87CA5 /* MenuView.swift in Sources */ = {isa = PBXBuildFile; fileRef = 453B4EB32B30D9F900A87CA5 /* MenuView.swift */; };
		453B4EB62B30D9FF00A87CA5 /* PlayingView.swift in Sources */ = {isa = PBXBuildFile; fileRef = 453B4EB52B30D9FF00A87CA5 /* PlayingView.swift */; };
		453B4EB82B30DA0600A87CA5 /* GameOverView.swift in Sources */ = {isa = PBXBuildFile; fileRef = 453B4EB72B30DA0600A87CA5 /* GameOverView.swift */; };
		455D1293286260B700F9035B /* EditCards.swift in Sources */ = {isa = PBXBuildFile; fileRef = 455D1292286260B700F9035B /* EditCards.swift */; };
		4592A67E285E80A100E9C06B /* FlashZillaApp.swift in Sources */ = {isa = PBXBuildFile; fileRef = 4592A67D285E80A100E9C06B /* FlashZillaApp.swift */; };
		4592A680285E80A100E9C06B /* ContentView.swift in Sources */ = {isa = PBXBuildFile; fileRef = 4592A67F285E80A100E9C06B /* ContentView.swift */; };
		4592A682285E80A600E9C06B /* Assets.xcassets in Resources */ = {isa = PBXBuildFile; fileRef = 4592A681285E80A600E9C06B /* Assets.xcassets */; };
		4592A685285E80A600E9C06B /* Preview Assets.xcassets in Resources */ = {isa = PBXBuildFile; fileRef = 4592A684285E80A600E9C06B /* Preview Assets.xcassets */; };
		45AA21AA285FDB7C00DFB959 /* Card.swift in Sources */ = {isa = PBXBuildFile; fileRef = 45AA21A9285FDB7C00DFB959 /* Card.swift */; };
		45AA21AC285FDC6200DFB959 /* CardView.swift in Sources */ = {isa = PBXBuildFile; fileRef = 45AA21AB285FDC6200DFB959 /* CardView.swift */; };
		45AF07F02862911A0076A0C6 /* FileManager-DocumentsDirectory.swift in Sources */ = {isa = PBXBuildFile; fileRef = 45AF07EF2862911A0076A0C6 /* FileManager-DocumentsDirectory.swift */; };
		45AF07F22862915E0076A0C6 /* DataManager.swift in Sources */ = {isa = PBXBuildFile; fileRef = 45AF07F12862915E0076A0C6 /* DataManager.swift */; };
/* End PBXBuildFile section */

/* Begin PBXFileReference section */
		453B4EAB2B3006E100A87CA5 /* ViewExtensions.swift */ = {isa = PBXFileReference; lastKnownFileType = sourcecode.swift; path = ViewExtensions.swift; sourceTree = "<group>"; };
		453B4EAD2B30CBDC00A87CA5 /* StartGameView.swift */ = {isa = PBXFileReference; lastKnownFileType = sourcecode.swift; path = StartGameView.swift; sourceTree = "<group>"; };
		453B4EAF2B30CF4900A87CA5 /* ViewModel.swift */ = {isa = PBXFileReference; lastKnownFileType = sourcecode.swift; path = ViewModel.swift; sourceTree = "<group>"; };
		453B4EB12B30D02F00A87CA5 /* HomeView.swift */ = {isa = PBXFileReference; lastKnownFileType = sourcecode.swift; path = HomeView.swift; sourceTree = "<group>"; };
		453B4EB32B30D9F900A87CA5 /* MenuView.swift */ = {isa = PBXFileReference; lastKnownFileType = sourcecode.swift; path = MenuView.swift; sourceTree = "<group>"; };
		453B4EB52B30D9FF00A87CA5 /* PlayingView.swift */ = {isa = PBXFileReference; lastKnownFileType = sourcecode.swift; path = PlayingView.swift; sourceTree = "<group>"; };
		453B4EB72B30DA0600A87CA5 /* GameOverView.swift */ = {isa = PBXFileReference; lastKnownFileType = sourcecode.swift; path = GameOverView.swift; sourceTree = "<group>"; };
		455D1292286260B700F9035B /* EditCards.swift */ = {isa = PBXFileReference; lastKnownFileType = sourcecode.swift; path = EditCards.swift; sourceTree = "<group>"; };
		4592A67A285E80A100E9C06B /* FlashZilla.app */ = {isa = PBXFileReference; explicitFileType = wrapper.application; includeInIndex = 0; path = FlashZilla.app; sourceTree = BUILT_PRODUCTS_DIR; };
		4592A67D285E80A100E9C06B /* FlashZillaApp.swift */ = {isa = PBXFileReference; lastKnownFileType = sourcecode.swift; path = FlashZillaApp.swift; sourceTree = "<group>"; };
		4592A67F285E80A100E9C06B /* ContentView.swift */ = {isa = PBXFileReference; lastKnownFileType = sourcecode.swift; path = ContentView.swift; sourceTree = "<group>"; };
		4592A681285E80A600E9C06B /* Assets.xcassets */ = {isa = PBXFileReference; lastKnownFileType = folder.assetcatalog; path = Assets.xcassets; sourceTree = "<group>"; };
		4592A684285E80A600E9C06B /* Preview Assets.xcassets */ = {isa = PBXFileReference; lastKnownFileType = folder.assetcatalog; path = "Preview Assets.xcassets"; sourceTree = "<group>"; };
		45AA21A9285FDB7C00DFB959 /* Card.swift */ = {isa = PBXFileReference; lastKnownFileType = sourcecode.swift; path = Card.swift; sourceTree = "<group>"; };
		45AA21AB285FDC6200DFB959 /* CardView.swift */ = {isa = PBXFileReference; lastKnownFileType = sourcecode.swift; path = CardView.swift; sourceTree = "<group>"; };
		45AF07EF2862911A0076A0C6 /* FileManager-DocumentsDirectory.swift */ = {isa = PBXFileReference; lastKnownFileType = sourcecode.swift; path = "FileManager-DocumentsDirectory.swift"; sourceTree = "<group>"; };
		45AF07F12862915E0076A0C6 /* DataManager.swift */ = {isa = PBXFileReference; lastKnownFileType = sourcecode.swift; path = DataManager.swift; sourceTree = "<group>"; };
/* End PBXFileReference section */

/* Begin PBXFrameworksBuildPhase section */
		4592A677285E80A100E9C06B /* Frameworks */ = {
			isa = PBXFrameworksBuildPhase;
			buildActionMask = 2147483647;
			files = (
			);
			runOnlyForDeploymentPostprocessing = 0;
		};
/* End PBXFrameworksBuildPhase section */

/* Begin PBXGroup section */
		453B4EB92B30DD7B00A87CA5 /* ViewModel */ = {
			isa = PBXGroup;
			children = (
				453B4EAF2B30CF4900A87CA5 /* ViewModel.swift */,
			);
			path = ViewModel;
			sourceTree = "<group>";
		};
		453B4EBA2B30DD8900A87CA5 /* Views */ = {
			isa = PBXGroup;
			children = (
				453B4EB12B30D02F00A87CA5 /* HomeView.swift */,
				4592A67F285E80A100E9C06B /* ContentView.swift */,
				453B4EB32B30D9F900A87CA5 /* MenuView.swift */,
				453B4EB52B30D9FF00A87CA5 /* PlayingView.swift */,
				453B4EB72B30DA0600A87CA5 /* GameOverView.swift */,
				453B4EAD2B30CBDC00A87CA5 /* StartGameView.swift */,
				455D1292286260B700F9035B /* EditCards.swift */,
				45AA21AB285FDC6200DFB959 /* CardView.swift */,
			);
			path = Views;
			sourceTree = "<group>";
		};
		453B4EBB2B30DDB800A87CA5 /* Model */ = {
			isa = PBXGroup;
			children = (
				45AA21A9285FDB7C00DFB959 /* Card.swift */,
			);
			path = Model;
			sourceTree = "<group>";
		};
		453B4EBC2B30DDD700A87CA5 /* Helpers */ = {
			isa = PBXGroup;
			children = (
				45AF07EF2862911A0076A0C6 /* FileManager-DocumentsDirectory.swift */,
				453B4EAB2B3006E100A87CA5 /* ViewExtensions.swift */,
				45AF07F12862915E0076A0C6 /* DataManager.swift */,
			);
			path = Helpers;
			sourceTree = "<group>";
		};
		4592A671285E80A100E9C06B = {
			isa = PBXGroup;
			children = (
				4592A67C285E80A100E9C06B /* FlashZilla */,
				4592A67B285E80A100E9C06B /* Products */,
			);
			sourceTree = "<group>";
		};
		4592A67B285E80A100E9C06B /* Products */ = {
			isa = PBXGroup;
			children = (
				4592A67A285E80A100E9C06B /* FlashZilla.app */,
			);
			name = Products;
			sourceTree = "<group>";
		};
		4592A67C285E80A100E9C06B /* FlashZilla */ = {
			isa = PBXGroup;
			children = (
				4592A67D285E80A100E9C06B /* FlashZillaApp.swift */,
				453B4EBB2B30DDB800A87CA5 /* Model */,
				453B4EB92B30DD7B00A87CA5 /* ViewModel */,
				453B4EBA2B30DD8900A87CA5 /* Views */,
				453B4EBC2B30DDD700A87CA5 /* Helpers */,
				4592A681285E80A600E9C06B /* Assets.xcassets */,
				4592A683285E80A600E9C06B /* Preview Content */,
			);
			path = FlashZilla;
			sourceTree = "<group>";
		};
		4592A683285E80A600E9C06B /* Preview Content */ = {
			isa = PBXGroup;
			children = (
				4592A684285E80A600E9C06B /* Preview Assets.xcassets */,
			);
			path = "Preview Content";
			sourceTree = "<group>";
		};
/* End PBXGroup section */

/* Begin PBXNativeTarget section */
		4592A679285E80A100E9C06B /* FlashZilla */ = {
			isa = PBXNativeTarget;
			buildConfigurationList = 4592A688285E80A600E9C06B /* Build configuration list for PBXNativeTarget "FlashZilla" */;
			buildPhases = (
				4592A676285E80A100E9C06B /* Sources */,
				4592A677285E80A100E9C06B /* Frameworks */,
				4592A678285E80A100E9C06B /* Resources */,
			);
			buildRules = (
			);
			dependencies = (
			);
			name = FlashZilla;
			productName = FlashZilla;
			productReference = 4592A67A285E80A100E9C06B /* FlashZilla.app */;
			productType = "com.apple.product-type.application";
		};
/* End PBXNativeTarget section */

/* Begin PBXProject section */
		4592A672285E80A100E9C06B /* Project object */ = {
			isa = PBXProject;
			attributes = {
				BuildIndependentTargetsInParallel = 1;
				LastSwiftUpdateCheck = 1340;
				LastUpgradeCheck = 1510;
				TargetAttributes = {
					4592A679285E80A100E9C06B = {
						CreatedOnToolsVersion = 13.4.1;
					};
				};
			};
			buildConfigurationList = 4592A675285E80A100E9C06B /* Build configuration list for PBXProject "FlashZilla" */;
			compatibilityVersion = "Xcode 13.0";
			developmentRegion = en;
			hasScannedForEncodings = 0;
			knownRegions = (
				en,
				Base,
			);
			mainGroup = 4592A671285E80A100E9C06B;
			productRefGroup = 4592A67B285E80A100E9C06B /* Products */;
			projectDirPath = "";
			projectRoot = "";
			targets = (
				4592A679285E80A100E9C06B /* FlashZilla */,
			);
		};
/* End PBXProject section */

/* Begin PBXResourcesBuildPhase section */
		4592A678285E80A100E9C06B /* Resources */ = {
			isa = PBXResourcesBuildPhase;
			buildActionMask = 2147483647;
			files = (
				4592A685285E80A600E9C06B /* Preview Assets.xcassets in Resources */,
				4592A682285E80A600E9C06B /* Assets.xcassets in Resources */,
			);
			runOnlyForDeploymentPostprocessing = 0;
		};
/* End PBXResourcesBuildPhase section */

/* Begin PBXSourcesBuildPhase section */
		4592A676285E80A100E9C06B /* Sources */ = {
			isa = PBXSourcesBuildPhase;
			buildActionMask = 2147483647;
			files = (
				453B4EB82B30DA0600A87CA5 /* GameOverView.swift in Sources */,
				453B4EB02B30CF4900A87CA5 /* ViewModel.swift in Sources */,
				453B4EB42B30D9F900A87CA5 /* MenuView.swift in Sources */,
				45AF07F02862911A0076A0C6 /* FileManager-DocumentsDirectory.swift in Sources */,
				453B4EAE2B30CBDC00A87CA5 /* StartGameView.swift in Sources */,
				4592A680285E80A100E9C06B /* ContentView.swift in Sources */,
				453B4EAC2B3006E100A87CA5 /* ViewExtensions.swift in Sources */,
				453B4EB22B30D02F00A87CA5 /* HomeView.swift in Sources */,
				45AA21AA285FDB7C00DFB959 /* Card.swift in Sources */,
				453B4EB62B30D9FF00A87CA5 /* PlayingView.swift in Sources */,
				45AF07F22862915E0076A0C6 /* DataManager.swift in Sources */,
				45AA21AC285FDC6200DFB959 /* CardView.swift in Sources */,
				455D1293286260B700F9035B /* EditCards.swift in Sources */,
				4592A67E285E80A100E9C06B /* FlashZillaApp.swift in Sources */,
			);
			runOnlyForDeploymentPostprocessing = 0;
		};
/* End PBXSourcesBuildPhase section */

/* Begin XCBuildConfiguration section */
		4592A686285E80A600E9C06B /* Debug */ = {
			isa = XCBuildConfiguration;
			buildSettings = {
				ALWAYS_SEARCH_USER_PATHS = NO;
				CLANG_ANALYZER_NONNULL = YES;
				CLANG_ANALYZER_NUMBER_OBJECT_CONVERSION = YES_AGGRESSIVE;
				CLANG_CXX_LANGUAGE_STANDARD = "gnu++17";
				CLANG_ENABLE_MODULES = YES;
				CLANG_ENABLE_OBJC_ARC = YES;
				CLANG_ENABLE_OBJC_WEAK = YES;
				CLANG_WARN_BLOCK_CAPTURE_AUTORELEASING = YES;
				CLANG_WARN_BOOL_CONVERSION = YES;
				CLANG_WARN_COMMA = YES;
				CLANG_WARN_CONSTANT_CONVERSION = YES;
				CLANG_WARN_DEPRECATED_OBJC_IMPLEMENTATIONS = YES;
				CLANG_WARN_DIRECT_OBJC_ISA_USAGE = YES_ERROR;
				CLANG_WARN_DOCUMENTATION_COMMENTS = YES;
				CLANG_WARN_EMPTY_BODY = YES;
				CLANG_WARN_ENUM_CONVERSION = YES;
				CLANG_WARN_INFINITE_RECURSION = YES;
				CLANG_WARN_INT_CONVERSION = YES;
				CLANG_WARN_NON_LITERAL_NULL_CONVERSION = YES;
				CLANG_WARN_OBJC_IMPLICIT_RETAIN_SELF = YES;
				CLANG_WARN_OBJC_LITERAL_CONVERSION = YES;
				CLANG_WARN_OBJC_ROOT_CLASS = YES_ERROR;
				CLANG_WARN_QUOTED_INCLUDE_IN_FRAMEWORK_HEADER = YES;
				CLANG_WARN_RANGE_LOOP_ANALYSIS = YES;
				CLANG_WARN_STRICT_PROTOTYPES = YES;
				CLANG_WARN_SUSPICIOUS_MOVE = YES;
				CLANG_WARN_UNGUARDED_AVAILABILITY = YES_AGGRESSIVE;
				CLANG_WARN_UNREACHABLE_CODE = YES;
				CLANG_WARN__DUPLICATE_METHOD_MATCH = YES;
				COPY_PHASE_STRIP = NO;
				DEBUG_INFORMATION_FORMAT = dwarf;
				ENABLE_STRICT_OBJC_MSGSEND = YES;
				ENABLE_TESTABILITY = YES;
				ENABLE_USER_SCRIPT_SANDBOXING = YES;
				GCC_C_LANGUAGE_STANDARD = gnu11;
				GCC_DYNAMIC_NO_PIC = NO;
				GCC_NO_COMMON_BLOCKS = YES;
				GCC_OPTIMIZATION_LEVEL = 0;
				GCC_PREPROCESSOR_DEFINITIONS = (
					"DEBUG=1",
					"$(inherited)",
				);
				GCC_WARN_64_TO_32_BIT_CONVERSION = YES;
				GCC_WARN_ABOUT_RETURN_TYPE = YES_ERROR;
				GCC_WARN_UNDECLARED_SELECTOR = YES;
				GCC_WARN_UNINITIALIZED_AUTOS = YES_AGGRESSIVE;
				GCC_WARN_UNUSED_FUNCTION = YES;
				GCC_WARN_UNUSED_VARIABLE = YES;
				IPHONEOS_DEPLOYMENT_TARGET = 17.2;
				MTL_ENABLE_DEBUG_INFO = INCLUDE_SOURCE;
				MTL_FAST_MATH = YES;
				ONLY_ACTIVE_ARCH = YES;
				SDKROOT = iphoneos;
				SWIFT_ACTIVE_COMPILATION_CONDITIONS = DEBUG;
				SWIFT_OPTIMIZATION_LEVEL = "-Onone";
			};
			name = Debug;
		};
		4592A687285E80A600E9C06B /* Release */ = {
			isa = XCBuildConfiguration;
			buildSettings = {
				ALWAYS_SEARCH_USER_PATHS = NO;
				CLANG_ANALYZER_NONNULL = YES;
				CLANG_ANALYZER_NUMBER_OBJECT_CONVERSION = YES_AGGRESSIVE;
				CLANG_CXX_LANGUAGE_STANDARD = "gnu++17";
				CLANG_ENABLE_MODULES = YES;
				CLANG_ENABLE_OBJC_ARC = YES;
				CLANG_ENABLE_OBJC_WEAK = YES;
				CLANG_WARN_BLOCK_CAPTURE_AUTORELEASING = YES;
				CLANG_WARN_BOOL_CONVERSION = YES;
				CLANG_WARN_COMMA = YES;
				CLANG_WARN_CONSTANT_CONVERSION = YES;
				CLANG_WARN_DEPRECATED_OBJC_IMPLEMENTATIONS = YES;
				CLANG_WARN_DIRECT_OBJC_ISA_USAGE = YES_ERROR;
				CLANG_WARN_DOCUMENTATION_COMMENTS = YES;
				CLANG_WARN_EMPTY_BODY = YES;
				CLANG_WARN_ENUM_CONVERSION = YES;
				CLANG_WARN_INFINITE_RECURSION = YES;
				CLANG_WARN_INT_CONVERSION = YES;
				CLANG_WARN_NON_LITERAL_NULL_CONVERSION = YES;
				CLANG_WARN_OBJC_IMPLICIT_RETAIN_SELF = YES;
				CLANG_WARN_OBJC_LITERAL_CONVERSION = YES;
				CLANG_WARN_OBJC_ROOT_CLASS = YES_ERROR;
				CLANG_WARN_QUOTED_INCLUDE_IN_FRAMEWORK_HEADER = YES;
				CLANG_WARN_RANGE_LOOP_ANALYSIS = YES;
				CLANG_WARN_STRICT_PROTOTYPES = YES;
				CLANG_WARN_SUSPICIOUS_MOVE = YES;
				CLANG_WARN_UNGUARDED_AVAILABILITY = YES_AGGRESSIVE;
				CLANG_WARN_UNREACHABLE_CODE = YES;
				CLANG_WARN__DUPLICATE_METHOD_MATCH = YES;
				COPY_PHASE_STRIP = NO;
				DEBUG_INFORMATION_FORMAT = "dwarf-with-dsym";
				ENABLE_NS_ASSERTIONS = NO;
				ENABLE_STRICT_OBJC_MSGSEND = YES;
				ENABLE_USER_SCRIPT_SANDBOXING = YES;
				GCC_C_LANGUAGE_STANDARD = gnu11;
				GCC_NO_COMMON_BLOCKS = YES;
				GCC_WARN_64_TO_32_BIT_CONVERSION = YES;
				GCC_WARN_ABOUT_RETURN_TYPE = YES_ERROR;
				GCC_WARN_UNDECLARED_SELECTOR = YES;
				GCC_WARN_UNINITIALIZED_AUTOS = YES_AGGRESSIVE;
				GCC_WARN_UNUSED_FUNCTION = YES;
				GCC_WARN_UNUSED_VARIABLE = YES;
				IPHONEOS_DEPLOYMENT_TARGET = 17.2;
				MTL_ENABLE_DEBUG_INFO = NO;
				MTL_FAST_MATH = YES;
				SDKROOT = iphoneos;
				SWIFT_COMPILATION_MODE = wholemodule;
				SWIFT_OPTIMIZATION_LEVEL = "-O";
				VALIDATE_PRODUCT = YES;
			};
			name = Release;
		};
		4592A689285E80A600E9C06B /* Debug */ = {
			isa = XCBuildConfiguration;
			buildSettings = {
				ASSETCATALOG_COMPILER_APPICON_NAME = AppIcon;
				ASSETCATALOG_COMPILER_GLOBAL_ACCENT_COLOR_NAME = AccentColor;
				CODE_SIGN_STYLE = Automatic;
				CURRENT_PROJECT_VERSION = 1;
				DEVELOPMENT_ASSET_PATHS = "\"FlashZilla/Preview Content\"";
				DEVELOPMENT_TEAM = 934ZDCDQ72;
				ENABLE_PREVIEWS = YES;
				GENERATE_INFOPLIST_FILE = YES;
				INFOPLIST_KEY_UIApplicationSceneManifest_Generation = YES;
				INFOPLIST_KEY_UIApplicationSupportsIndirectInputEvents = YES;
				INFOPLIST_KEY_UILaunchScreen_Generation = YES;
				INFOPLIST_KEY_UISupportedInterfaceOrientations = "UIInterfaceOrientationLandscapeLeft UIInterfaceOrientationLandscapeRight UIInterfaceOrientationPortrait";
				INFOPLIST_KEY_UISupportedInterfaceOrientations_iPad = "UIInterfaceOrientationLandscapeLeft UIInterfaceOrientationLandscapeRight UIInterfaceOrientationPortrait UIInterfaceOrientationPortraitUpsideDown";
				LD_RUNPATH_SEARCH_PATHS = (
					"$(inherited)",
					"@executable_path/Frameworks",
				);
				MARKETING_VERSION = 1.0;
				PRODUCT_BUNDLE_IDENTIFIER = me.Martinez.Robert.FlashZilla;
				PRODUCT_NAME = "$(TARGET_NAME)";
				SWIFT_EMIT_LOC_STRINGS = YES;
				SWIFT_VERSION = 5.0;
				TARGETED_DEVICE_FAMILY = "1,2";
			};
			name = Debug;
		};
		4592A68A285E80A600E9C06B /* Release */ = {
			isa = XCBuildConfiguration;
			buildSettings = {
				ASSETCATALOG_COMPILER_APPICON_NAME = AppIcon;
				ASSETCATALOG_COMPILER_GLOBAL_ACCENT_COLOR_NAME = AccentColor;
				CODE_SIGN_STYLE = Automatic;
				CURRENT_PROJECT_VERSION = 1;
				DEVELOPMENT_ASSET_PATHS = "\"FlashZilla/Preview Content\"";
				DEVELOPMENT_TEAM = 934ZDCDQ72;
				ENABLE_PREVIEWS = YES;
				GENERATE_INFOPLIST_FILE = YES;
				INFOPLIST_KEY_UIApplicationSceneManifest_Generation = YES;
				INFOPLIST_KEY_UIApplicationSupportsIndirectInputEvents = YES;
				INFOPLIST_KEY_UILaunchScreen_Generation = YES;
				INFOPLIST_KEY_UISupportedInterfaceOrientations = "UIInterfaceOrientationLandscapeLeft UIInterfaceOrientationLandscapeRight UIInterfaceOrientationPortrait";
				INFOPLIST_KEY_UISupportedInterfaceOrientations_iPad = "UIInterfaceOrientationLandscapeLeft UIInterfaceOrientationLandscapeRight UIInterfaceOrientationPortrait UIInterfaceOrientationPortraitUpsideDown";
				LD_RUNPATH_SEARCH_PATHS = (
					"$(inherited)",
					"@executable_path/Frameworks",
				);
				MARKETING_VERSION = 1.0;
				PRODUCT_BUNDLE_IDENTIFIER = me.Martinez.Robert.FlashZilla;
				PRODUCT_NAME = "$(TARGET_NAME)";
				SWIFT_EMIT_LOC_STRINGS = YES;
				SWIFT_VERSION = 5.0;
				TARGETED_DEVICE_FAMILY = "1,2";
			};
			name = Release;
		};
/* End XCBuildConfiguration section */

/* Begin XCConfigurationList section */
		4592A675285E80A100E9C06B /* Build configuration list for PBXProject "FlashZilla" */ = {
			isa = XCConfigurationList;
			buildConfigurations = (
				4592A686285E80A600E9C06B /* Debug */,
				4592A687285E80A600E9C06B /* Release */,
			);
			defaultConfigurationIsVisible = 0;
			defaultConfigurationName = Release;
		};
		4592A688285E80A600E9C06B /* Build configuration list for PBXNativeTarget "FlashZilla" */ = {
			isa = XCConfigurationList;
			buildConfigurations = (
				4592A689285E80A600E9C06B /* Debug */,
				4592A68A285E80A600E9C06B /* Release */,
			);
			defaultConfigurationIsVisible = 0;
			defaultConfigurationName = Release;
		};
/* End XCConfigurationList section */
	};
	rootObject = 4592A672285E80A100E9C06B /* Project object */;
}
